
Microsoft Visual Studio Solution File, Format Version 12.00
# Visual Studio Version 17
VisualStudioVersion = 17.12.35521.163 d17.12
MinimumVisualStudioVersion = 10.0.40219.1
Project("{FAE04EC0-301F-11D3-BF4B-00C04F79EFBC}") = "DinhNhatQuynhGiang_Bai3", "DinhNhatQuynhGiang_Bai3\DinhNhatQuynhGiang_Bai3.csproj", "{1917D0A1-08BF-4510-9BB7-781F1ADEB518}"
EndProject
Global
	GlobalSection(SolutionConfigurationPlatforms) = preSolution
		Debug|Any CPU = Debug|Any CPU
		Release|Any CPU = Release|Any CPU
	EndGlobalSection
	GlobalSection(ProjectConfigurationPlatforms) = postSolution
		{1917D0A1-08BF-4510-9BB7-781F1ADEB518}.Debug|Any CPU.ActiveCfg = Debug|Any CPU
		{1917D0A1-08BF-4510-9BB7-781F1ADEB518}.Debug|Any CPU.Build.0 = Debug|Any CPU
		{1917D0A1-08BF-4510-9BB7-781F1ADEB518}.Release|Any CPU.ActiveCfg = Release|Any CPU
		{1917D0A1-08BF-4510-9BB7-781F1ADEB518}.Release|Any CPU.Build.0 = Release|Any CPU
	EndGlobalSection
	GlobalSection(SolutionProperties) = preSolution
		HideSolutionNode = FALSE
	EndGlobalSection
EndGlobal
